github.com/cbroglie/mustache v1.3.1 h1:S6Lrg+YHT9e2DOy6RZi9f+rU69F6NarEYGZGzw+X5LU=
github.com/cbroglie/mustache v1.3.1/go.mod h1:SS1FTIghy0sjse4DUVGV1k/40B1qE1XkD9DtDsHo9iM=
github.com/go-chi/chi/v5 v5.0.7 h1:rDTPXLDHGATaeHvVlLcR4Qe0zftYethFucbjVQ1PxU8=
github.com/go-chi/chi/v5 v5.0.7/go.mod h1:DslCQbL2OYiznFReuXYUmQ2hGd1aDpCnlMNITLSKoi8=
github.com/gomarkdown/markdown v0.0.0-20220310201231-552c6011c0b8 h1:YVvt637ygnOO9qjLBVmPOvrUmCz/i8YECSu/8UlOQW0=
github.com/gomarkdown/markdown v0.0.0-20220310201231-552c6011c0b8/go.mod h1:JDGcbDT52eL4fju3sZ4TeHGsQwhG9nbDV21aMyhwPoA=
github.com/mattn/go-sqlite3 v1.14.11 h1:gt+cp9c0XGqe9S/wAHTL3n/7MqY+siPWgWJgqdsFrzQ=
github.com/mattn/go-sqlite3 v1.14.11/go.mod h1:NyWgC/yNuGj7Q9rpYnZvas74GogHl5/Z4A/KQRfk6bU=
